
Microsoft Visual Studio Solution File, Format Version 12.00
# Visual Studio Version 16
VisualStudioVersion = 16.0.30621.155
MinimumVisualStudioVersion = 10.0.40219.1
Project("{FAE04EC0-301F-11D3-BF4B-00C04F79EFBC}") = "ContactsBlazorApp.Server", "ContactsBlazorApp\Server\ContactsBlazorApp.Server.csproj", "{9ABD5A37-2042-4AD2-A309-9A50B552FE92}"
EndProject
Project("{FAE04EC0-301F-11D3-BF4B-00C04F79EFBC}") = "ContactsBlazorApp.Client", "ContactsBlazorApp\Client\ContactsBlazorApp.Client.csproj", "{3581B917-15EF-48A3-A616-FFA844B00FBA}"
EndProject
Project("{FAE04EC0-301F-11D3-BF4B-00C04F79EFBC}") = "ContactsBlazorApp.Shared", "ContactsBlazorApp\Shared\ContactsBlazorApp.Shared.csproj", "{B0304462-E7B8-4B16-93FB-E07269BD0FF3}"
EndProject
Global
	GlobalSection(SolutionConfigurationPlatforms) = preSolution
		Debug|Any CPU = Debug|Any CPU
		Release|Any CPU = Release|Any CPU
	EndGlobalSection
	GlobalSection(ProjectConfigurationPlatforms) = postSolution
		{9ABD5A37-2042-4AD2-A309-9A50B552FE92}.Debug|Any CPU.ActiveCfg = Debug|Any CPU
		{9ABD5A37-2042-4AD2-A309-9A50B552FE92}.Debug|Any CPU.Build.0 = Debug|Any CPU
		{9ABD5A37-2042-4AD2-A309-9A50B552FE92}.Release|Any CPU.ActiveCfg = Release|Any CPU
		{9ABD5A37-2042-4AD2-A309-9A50B552FE92}.Release|Any CPU.Build.0 = Release|Any CPU
		{3581B917-15EF-48A3-A616-FFA844B00FBA}.Debug|Any CPU.ActiveCfg = Debug|Any CPU
		{3581B917-15EF-48A3-A616-FFA844B00FBA}.Debug|Any CPU.Build.0 = Debug|Any CPU
		{3581B917-15EF-48A3-A616-FFA844B00FBA}.Release|Any CPU.ActiveCfg = Release|Any CPU
		{3581B917-15EF-48A3-A616-FFA844B00FBA}.Release|Any CPU.Build.0 = Release|Any CPU
		{B0304462-E7B8-4B16-93FB-E07269BD0FF3}.Debug|Any CPU.ActiveCfg = Debug|Any CPU
		{B0304462-E7B8-4B16-93FB-E07269BD0FF3}.Debug|Any CPU.Build.0 = Debug|Any CPU
		{B0304462-E7B8-4B16-93FB-E07269BD0FF3}.Release|Any CPU.ActiveCfg = Release|Any CPU
		{B0304462-E7B8-4B16-93FB-E07269BD0FF3}.Release|Any CPU.Build.0 = Release|Any CPU
	EndGlobalSection
	GlobalSection(SolutionProperties) = preSolution
		HideSolutionNode = FALSE
	EndGlobalSection
	GlobalSection(ExtensibilityGlobals) = postSolution
		SolutionGuid = {6A4AFA39-DB61-45DE-BBE1-CEBCCF929000}
	EndGlobalSection
EndGlobal
